
Microsoft Visual Studio Solution File, Format Version 12.00
# Visual Studio Version 16
VisualStudioVersion = 16.0.31205.134
MinimumVisualStudioVersion = 10.0.40219.1
Project("{54435603-DBB4-11D2-8724-00A0C9A8B90C}") = "Zeus Facturacion 6.0", "InstalarCompleto.vdproj", "{1232D415-FBBD-4AC7-8A25-14648771ED39}"
EndProject
Global
	GlobalSection(SolutionConfigurationPlatforms) = preSolution
		Debug|Default = Debug|Default
		Release|Default = Release|Default
	EndGlobalSection
	GlobalSection(ProjectConfigurationPlatforms) = postSolution
		{1232D415-FBBD-4AC7-8A25-14648771ED39}.Debug|Default.ActiveCfg = Debug
		{1232D415-FBBD-4AC7-8A25-14648771ED39}.Debug|Default.Build.0 = Debug
		{1232D415-FBBD-4AC7-8A25-14648771ED39}.Release|Default.ActiveCfg = Release
		{1232D415-FBBD-4AC7-8A25-14648771ED39}.Release|Default.Build.0 = Release
	EndGlobalSection
	GlobalSection(SolutionProperties) = preSolution
		HideSolutionNode = FALSE
	EndGlobalSection
	GlobalSection(ExtensibilityGlobals) = postSolution
		SolutionGuid = {4EAFB64E-2282-4AF9-99B6-F87AACA0CD9B}
	EndGlobalSection
EndGlobal
